// !$*UTF8*$!
{
	archiveVersion = 1;
	classes = {
	};
	objectVersion = 46;
	objects = {

/* Begin PBXBuildFile section */
		03B38DF51F1FCA9B00B9CDA9 /* Array+JavaParameterConvertible.swift in Sources */ = {isa = PBXBuildFile; fileRef = 03B38DF41F1FC98800B9CDA9 /* Array+JavaParameterConvertible.swift */; };
		03B38DF61F1FCA9F00B9CDA9 /* JavaParameterConvertible.swift in Sources */ = {isa = PBXBuildFile; fileRef = 03B38DF31F1FC98800B9CDA9 /* JavaParameterConvertible.swift */; };
		OBJ_32 /* JNI.swift in Sources */ = {isa = PBXBuildFile; fileRef = OBJ_14 /* JNI.swift */; };
		OBJ_33 /* JNIClassManipulation.swift in Sources */ = {isa = PBXBuildFile; fileRef = OBJ_15 /* JNIClassManipulation.swift */; };
		OBJ_34 /* JNIExceptions.swift in Sources */ = {isa = PBXBuildFile; fileRef = OBJ_16 /* JNIExceptions.swift */; };
		OBJ_35 /* JNIMethods.swift in Sources */ = {isa = PBXBuildFile; fileRef = OBJ_17 /* JNIMethods.swift */; };
		OBJ_36 /* JNIObjects.swift in Sources */ = {isa = PBXBuildFile; fileRef = OBJ_18 /* JNIObjects.swift */; };
		OBJ_37 /* JNIRefs.swift in Sources */ = {isa = PBXBuildFile; fileRef = OBJ_19 /* JNIRefs.swift */; };
		OBJ_38 /* JNIStrings.swift in Sources */ = {isa = PBXBuildFile; fileRef = OBJ_20 /* JNIStrings.swift */; };
		OBJ_39 /* SwiftJNI.swift in Sources */ = {isa = PBXBuildFile; fileRef = OBJ_21 /* SwiftJNI.swift */; };
		OBJ_41 /* CJNI.framework in Frameworks */ = {isa = PBXBuildFile; fileRef = "JNISwift::CJNI::Product" /* CJNI.framework */; };
		OBJ_48 /* jni.c in Sources */ = {isa = PBXBuildFile; fileRef = OBJ_9 /* jni.c */; };
/* End PBXBuildFile section */

/* Begin PBXContainerItemProxy section */
		5C1D2F2E1F1E277B0006682E /* PBXContainerItemProxy */ = {
			isa = PBXContainerItemProxy;
			containerPortal = OBJ_1 /* Project object */;
			proxyType = 1;
			remoteGlobalIDString = "JNISwift::CJNI";
			remoteInfo = CJNI;
		};
/* End PBXContainerItemProxy section */

/* Begin PBXFileReference section */
		03B38DF31F1FC98800B9CDA9 /* JavaParameterConvertible.swift */ = {isa = PBXFileReference; lastKnownFileType = sourcecode.swift; path = JavaParameterConvertible.swift; sourceTree = "<group>"; };
		03B38DF41F1FC98800B9CDA9 /* Array+JavaParameterConvertible.swift */ = {isa = PBXFileReference; lastKnownFileType = sourcecode.swift; path = "Array+JavaParameterConvertible.swift"; sourceTree = "<group>"; };
		"JNISwift::CJNI::Product" /* CJNI.framework */ = {isa = PBXFileReference; explicitFileType = wrapper.framework; path = CJNI.framework; sourceTree = BUILT_PRODUCTS_DIR; };
		"JNISwift::JNISwift::Product" /* JNISwift.framework */ = {isa = PBXFileReference; lastKnownFileType = wrapper.framework; path = JNISwift.framework; sourceTree = BUILT_PRODUCTS_DIR; };
		OBJ_11 /* jni.h */ = {isa = PBXFileReference; lastKnownFileType = sourcecode.c.h; path = jni.h; sourceTree = "<group>"; };
		OBJ_12 /* module.modulemap */ = {isa = PBXFileReference; lastKnownFileType = "sourcecode.module-map"; name = module.modulemap; path = "/Users/geordiejay/dev/flowkey/smartphone/RNPlayerComponent/NativePlayerIOS/FlowkeyPlayerSDL/Packages/UIKit/Packages/swift-jni/Sources/CJNI/include/module.modulemap"; sourceTree = "<group>"; };
		OBJ_14 /* JNI.swift */ = {isa = PBXFileReference; lastKnownFileType = sourcecode.swift; path = JNI.swift; sourceTree = "<group>"; };
		OBJ_15 /* JNIClassManipulation.swift */ = {isa = PBXFileReference; lastKnownFileType = sourcecode.swift; path = JNIClassManipulation.swift; sourceTree = "<group>"; };
		OBJ_16 /* JNIExceptions.swift */ = {isa = PBXFileReference; lastKnownFileType = sourcecode.swift; path = JNIExceptions.swift; sourceTree = "<group>"; };
		OBJ_17 /* JNIMethods.swift */ = {isa = PBXFileReference; lastKnownFileType = sourcecode.swift; path = JNIMethods.swift; sourceTree = "<group>"; };
		OBJ_18 /* JNIObjects.swift */ = {isa = PBXFileReference; lastKnownFileType = sourcecode.swift; path = JNIObjects.swift; sourceTree = "<group>"; };
		OBJ_19 /* JNIRefs.swift */ = {isa = PBXFileReference; lastKnownFileType = sourcecode.swift; path = JNIRefs.swift; sourceTree = "<group>"; };
		OBJ_20 /* JNIStrings.swift */ = {isa = PBXFileReference; lastKnownFileType = sourcecode.swift; path = JNIStrings.swift; sourceTree = "<group>"; };
		OBJ_21 /* SwiftJNI.swift */ = {isa = PBXFileReference; lastKnownFileType = sourcecode.swift; path = SwiftJNI.swift; sourceTree = "<group>"; };
		OBJ_6 /* Package.swift */ = {isa = PBXFileReference; explicitFileType = sourcecode.swift; path = Package.swift; sourceTree = "<group>"; };
		OBJ_9 /* jni.c */ = {isa = PBXFileReference; lastKnownFileType = sourcecode.c.c; path = jni.c; sourceTree = "<group>"; };
/* End PBXFileReference section */

/* Begin PBXFrameworksBuildPhase section */
		OBJ_40 /* Frameworks */ = {
			isa = PBXFrameworksBuildPhase;
			buildActionMask = 0;
			files = (
				OBJ_41 /* CJNI.framework in Frameworks */,
			);
			runOnlyForDeploymentPostprocessing = 0;
		};
		OBJ_49 /* Frameworks */ = {
			isa = PBXFrameworksBuildPhase;
			buildActionMask = 0;
			files = (
			);
			runOnlyForDeploymentPostprocessing = 0;
		};
/* End PBXFrameworksBuildPhase section */

/* Begin PBXGroup section */
		OBJ_10 /* include */ = {
			isa = PBXGroup;
			children = (
				OBJ_11 /* jni.h */,
				OBJ_12 /* module.modulemap */,
			);
			path = include;
			sourceTree = "<group>";
		};
		OBJ_13 /* JNISwift */ = {
			isa = PBXGroup;
			children = (
				03B38DF41F1FC98800B9CDA9 /* Array+JavaParameterConvertible.swift */,
				03B38DF31F1FC98800B9CDA9 /* JavaParameterConvertible.swift */,
				OBJ_14 /* JNI.swift */,
				OBJ_15 /* JNIClassManipulation.swift */,
				OBJ_16 /* JNIExceptions.swift */,
				OBJ_17 /* JNIMethods.swift */,
				OBJ_18 /* JNIObjects.swift */,
				OBJ_19 /* JNIRefs.swift */,
				OBJ_20 /* JNIStrings.swift */,
				OBJ_21 /* SwiftJNI.swift */,
			);
			name = JNISwift;
			path = Sources/JNISwift;
			sourceTree = SOURCE_ROOT;
		};
		OBJ_22 /* Tests */ = {
			isa = PBXGroup;
			children = (
			);
			name = Tests;
			sourceTree = SOURCE_ROOT;
		};
		OBJ_24 /* Products */ = {
			isa = PBXGroup;
			children = (
				"JNISwift::JNISwift::Product" /* JNISwift.framework */,
				"JNISwift::CJNI::Product" /* CJNI.framework */,
			);
			name = Products;
			sourceTree = BUILT_PRODUCTS_DIR;
		};
		OBJ_5 = {
			isa = PBXGroup;
			children = (
				OBJ_6 /* Package.swift */,
				OBJ_7 /* Sources */,
				OBJ_22 /* Tests */,
				OBJ_24 /* Products */,
			);
			sourceTree = "<group>";
		};
		OBJ_7 /* Sources */ = {
			isa = PBXGroup;
			children = (
				OBJ_8 /* CJNI */,
				OBJ_13 /* JNISwift */,
			);
			name = Sources;
			sourceTree = SOURCE_ROOT;
		};
		OBJ_8 /* CJNI */ = {
			isa = PBXGroup;
			children = (
				OBJ_9 /* jni.c */,
				OBJ_10 /* include */,
			);
			name = CJNI;
			path = Sources/CJNI;
			sourceTree = SOURCE_ROOT;
		};
/* End PBXGroup section */

/* Begin PBXNativeTarget section */
		"JNISwift::CJNI" /* CJNI */ = {
			isa = PBXNativeTarget;
			buildConfigurationList = OBJ_44 /* Build configuration list for PBXNativeTarget "CJNI" */;
			buildPhases = (
				OBJ_47 /* Sources */,
				OBJ_49 /* Frameworks */,
			);
			buildRules = (
			);
			dependencies = (
			);
			name = CJNI;
			productName = CJNI;
			productReference = "JNISwift::CJNI::Product" /* CJNI.framework */;
			productType = "com.apple.product-type.framework";
		};
		"JNISwift::JNISwift" /* JNISwift */ = {
			isa = PBXNativeTarget;
			buildConfigurationList = OBJ_28 /* Build configuration list for PBXNativeTarget "JNISwift" */;
			buildPhases = (
				OBJ_31 /* Sources */,
				OBJ_40 /* Frameworks */,
			);
			buildRules = (
			);
			dependencies = (
				OBJ_42 /* PBXTargetDependency */,
			);
			name = JNISwift;
			productName = JNISwift;
			productReference = "JNISwift::JNISwift::Product" /* JNISwift.framework */;
			productType = "com.apple.product-type.framework";
		};
/* End PBXNativeTarget section */

/* Begin PBXProject section */
		OBJ_1 /* Project object */ = {
			isa = PBXProject;
			attributes = {
				LastUpgradeCheck = 9999;
			};
			buildConfigurationList = OBJ_2 /* Build configuration list for PBXProject "JNISwift" */;
			compatibilityVersion = "Xcode 3.2";
			developmentRegion = English;
			hasScannedForEncodings = 0;
			knownRegions = (
				en,
			);
			mainGroup = OBJ_5;
			productRefGroup = OBJ_24 /* Products */;
			projectDirPath = "";
			projectRoot = "";
			targets = (
				"JNISwift::JNISwift" /* JNISwift */,
				"JNISwift::CJNI" /* CJNI */,
			);
		};
/* End PBXProject section */

/* Begin PBXSourcesBuildPhase section */
		OBJ_31 /* Sources */ = {
			isa = PBXSourcesBuildPhase;
			buildActionMask = 0;
			files = (
				OBJ_32 /* JNI.swift in Sources */,
				03B38DF51F1FCA9B00B9CDA9 /* Array+JavaParameterConvertible.swift in Sources */,
				OBJ_33 /* JNIClassManipulation.swift in Sources */,
				OBJ_34 /* JNIExceptions.swift in Sources */,
				OBJ_35 /* JNIMethods.swift in Sources */,
				OBJ_36 /* JNIObjects.swift in Sources */,
				OBJ_37 /* JNIRefs.swift in Sources */,
				OBJ_38 /* JNIStrings.swift in Sources */,
				OBJ_39 /* SwiftJNI.swift in Sources */,
				03B38DF61F1FCA9F00B9CDA9 /* JavaParameterConvertible.swift in Sources */,
			);
			runOnlyForDeploymentPostprocessing = 0;
		};
		OBJ_47 /* Sources */ = {
			isa = PBXSourcesBuildPhase;
			buildActionMask = 0;
			files = (
				OBJ_48 /* jni.c in Sources */,
			);
			runOnlyForDeploymentPostprocessing = 0;
		};
/* End PBXSourcesBuildPhase section */

/* Begin PBXTargetDependency section */
		OBJ_42 /* PBXTargetDependency */ = {
			isa = PBXTargetDependency;
			target = "JNISwift::CJNI" /* CJNI */;
			targetProxy = 5C1D2F2E1F1E277B0006682E /* PBXContainerItemProxy */;
		};
/* End PBXTargetDependency section */

/* Begin XCBuildConfiguration section */
		OBJ_29 /* Debug */ = {
			isa = XCBuildConfiguration;
			buildSettings = {
				ENABLE_TESTABILITY = YES;
				FRAMEWORK_SEARCH_PATHS = (
					"$(inherited)",
					"$(PLATFORM_DIR)/Developer/Library/Frameworks",
				);
				HEADER_SEARCH_PATHS = (
					"$(inherited)",
					"$(SRCROOT)/Sources/CJNI/include",
				);
				INFOPLIST_FILE = JNISwift.xcodeproj/JNISwift_Info.plist;
				LD_RUNPATH_SEARCH_PATHS = "$(TOOLCHAIN_DIR)/usr/lib/swift/macosx";
				OTHER_LDFLAGS = "$(inherited)";
				OTHER_SWIFT_FLAGS = "$(inherited) -Xcc -fmodule-map-file=$(SRCROOT)/Sources/CJNI/include/module.modulemap";
				PRODUCT_BUNDLE_IDENTIFIER = JNISwift;
				PRODUCT_MODULE_NAME = "$(TARGET_NAME:c99extidentifier)";
				PRODUCT_NAME = "$(TARGET_NAME:c99extidentifier)";
				SKIP_INSTALL = YES;
				SWIFT_VERSION = 3.0;
				TARGET_NAME = JNISwift;
			};
			name = Debug;
		};
		OBJ_3 /* Debug */ = {
			isa = XCBuildConfiguration;
			buildSettings = {
				CLANG_ENABLE_OBJC_ARC = YES;
				COMBINE_HIDPI_IMAGES = YES;
				COPY_PHASE_STRIP = NO;
				DEBUG_INFORMATION_FORMAT = dwarf;
				DYLIB_INSTALL_NAME_BASE = "@rpath";
				ENABLE_NS_ASSERTIONS = YES;
				GCC_OPTIMIZATION_LEVEL = 0;
				MACOSX_DEPLOYMENT_TARGET = 10.10;
				ONLY_ACTIVE_ARCH = YES;
				OTHER_SWIFT_FLAGS = "-DXcode";
				PRODUCT_NAME = "$(TARGET_NAME)";
				SDKROOT = macosx;
				SUPPORTED_PLATFORMS = "macosx iphoneos iphonesimulator appletvos appletvsimulator watchos watchsimulator";
				SWIFT_ACTIVE_COMPILATION_CONDITIONS = SWIFT_PACKAGE;
				SWIFT_OPTIMIZATION_LEVEL = "-Onone";
				USE_HEADERMAP = NO;
			};
			name = Debug;
		};
		OBJ_30 /* Release */ = {
			isa = XCBuildConfiguration;
			buildSettings = {
				ENABLE_TESTABILITY = YES;
				FRAMEWORK_SEARCH_PATHS = (
					"$(inherited)",
					"$(PLATFORM_DIR)/Developer/Library/Frameworks",
				);
				HEADER_SEARCH_PATHS = (
					"$(inherited)",
					"$(SRCROOT)/Sources/CJNI/include",
				);
				INFOPLIST_FILE = JNISwift.xcodeproj/JNISwift_Info.plist;
				LD_RUNPATH_SEARCH_PATHS = "$(TOOLCHAIN_DIR)/usr/lib/swift/macosx";
				OTHER_LDFLAGS = "$(inherited)";
				OTHER_SWIFT_FLAGS = "$(inherited) -Xcc -fmodule-map-file=$(SRCROOT)/Sources/CJNI/include/module.modulemap";
				PRODUCT_BUNDLE_IDENTIFIER = JNISwift;
				PRODUCT_MODULE_NAME = "$(TARGET_NAME:c99extidentifier)";
				PRODUCT_NAME = "$(TARGET_NAME:c99extidentifier)";
				SKIP_INSTALL = YES;
				SWIFT_VERSION = 3.0;
				TARGET_NAME = JNISwift;
			};
			name = Release;
		};
		OBJ_4 /* Release */ = {
			isa = XCBuildConfiguration;
			buildSettings = {
				CLANG_ENABLE_OBJC_ARC = YES;
				COMBINE_HIDPI_IMAGES = YES;
				COPY_PHASE_STRIP = YES;
				DEBUG_INFORMATION_FORMAT = "dwarf-with-dsym";
				DYLIB_INSTALL_NAME_BASE = "@rpath";
				GCC_OPTIMIZATION_LEVEL = s;
				MACOSX_DEPLOYMENT_TARGET = 10.10;
				OTHER_SWIFT_FLAGS = "-DXcode";
				PRODUCT_NAME = "$(TARGET_NAME)";
				SDKROOT = macosx;
				SUPPORTED_PLATFORMS = "macosx iphoneos iphonesimulator appletvos appletvsimulator watchos watchsimulator";
				SWIFT_ACTIVE_COMPILATION_CONDITIONS = SWIFT_PACKAGE;
				SWIFT_OPTIMIZATION_LEVEL = "-Owholemodule";
				USE_HEADERMAP = NO;
			};
			name = Release;
		};
		OBJ_45 /* Debug */ = {
			isa = XCBuildConfiguration;
			buildSettings = {
				DEFINES_MODULE = NO;
				ENABLE_TESTABILITY = YES;
				FRAMEWORK_SEARCH_PATHS = (
					"$(inherited)",
					"$(PLATFORM_DIR)/Developer/Library/Frameworks",
				);
				HEADER_SEARCH_PATHS = (
					"$(inherited)",
					"$(SRCROOT)/Sources/CJNI/include",
				);
				INFOPLIST_FILE = JNISwift.xcodeproj/CJNI_Info.plist;
				LD_RUNPATH_SEARCH_PATHS = "$(TOOLCHAIN_DIR)/usr/lib/swift/macosx";
				OTHER_LDFLAGS = "$(inherited)";
				OTHER_SWIFT_FLAGS = "$(inherited)";
				PRODUCT_BUNDLE_IDENTIFIER = CJNI;
				PRODUCT_MODULE_NAME = "$(TARGET_NAME:c99extidentifier)";
				PRODUCT_NAME = "$(TARGET_NAME:c99extidentifier)";
				SKIP_INSTALL = YES;
				TARGET_NAME = CJNI;
			};
			name = Debug;
		};
		OBJ_46 /* Release */ = {
			isa = XCBuildConfiguration;
			buildSettings = {
				DEFINES_MODULE = NO;
				ENABLE_TESTABILITY = YES;
				FRAMEWORK_SEARCH_PATHS = (
					"$(inherited)",
					"$(PLATFORM_DIR)/Developer/Library/Frameworks",
				);
				HEADER_SEARCH_PATHS = (
					"$(inherited)",
					"$(SRCROOT)/Sources/CJNI/include",
				);
				INFOPLIST_FILE = JNISwift.xcodeproj/CJNI_Info.plist;
				LD_RUNPATH_SEARCH_PATHS = "$(TOOLCHAIN_DIR)/usr/lib/swift/macosx";
				OTHER_LDFLAGS = "$(inherited)";
				OTHER_SWIFT_FLAGS = "$(inherited)";
				PRODUCT_BUNDLE_IDENTIFIER = CJNI;
				PRODUCT_MODULE_NAME = "$(TARGET_NAME:c99extidentifier)";
				PRODUCT_NAME = "$(TARGET_NAME:c99extidentifier)";
				SKIP_INSTALL = YES;
				TARGET_NAME = CJNI;
			};
			name = Release;
		};
/* End XCBuildConfiguration section */

/* Begin XCConfigurationList section */
		OBJ_2 /* Build configuration list for PBXProject "JNISwift" */ = {
			isa = XCConfigurationList;
			buildConfigurations = (
				OBJ_3 /* Debug */,
				OBJ_4 /* Release */,
			);
			defaultConfigurationIsVisible = 0;
			defaultConfigurationName = Debug;
		};
		OBJ_28 /* Build configuration list for PBXNativeTarget "JNISwift" */ = {
			isa = XCConfigurationList;
			buildConfigurations = (
				OBJ_29 /* Debug */,
				OBJ_30 /* Release */,
			);
			defaultConfigurationIsVisible = 0;
			defaultConfigurationName = Debug;
		};
		OBJ_44 /* Build configuration list for PBXNativeTarget "CJNI" */ = {
			isa = XCConfigurationList;
			buildConfigurations = (
				OBJ_45 /* Debug */,
				OBJ_46 /* Release */,
			);
			defaultConfigurationIsVisible = 0;
			defaultConfigurationName = Debug;
		};
/* End XCConfigurationList section */
	};
	rootObject = OBJ_1 /* Project object */;
}
